
Microsoft Visual Studio Solution File, Format Version 12.00
# Visual Studio Version 17
VisualStudioVersion = 17.11.35327.3
MinimumVisualStudioVersion = 10.0.40219.1
Project("{FAE04EC0-301F-11D3-BF4B-00C04F79EFBC}") = "Homework1_ASP", "Homework1_ASP.csproj", "{DE363EE7-251C-447D-A671-CD3C0F7C1E8F}"
EndProject
Global
	GlobalSection(SolutionConfigurationPlatforms) = preSolution
		Debug|Any CPU = Debug|Any CPU
		Release|Any CPU = Release|Any CPU
	EndGlobalSection
	GlobalSection(ProjectConfigurationPlatforms) = postSolution
		{DE363EE7-251C-447D-A671-CD3C0F7C1E8F}.Debug|Any CPU.ActiveCfg = Debug|Any CPU
		{DE363EE7-251C-447D-A671-CD3C0F7C1E8F}.Debug|Any CPU.Build.0 = Debug|Any CPU
		{DE363EE7-251C-447D-A671-CD3C0F7C1E8F}.Release|Any CPU.ActiveCfg = Release|Any CPU
		{DE363EE7-251C-447D-A671-CD3C0F7C1E8F}.Release|Any CPU.Build.0 = Release|Any CPU
	EndGlobalSection
	GlobalSection(SolutionProperties) = preSolution
		HideSolutionNode = FALSE
	EndGlobalSection
	GlobalSection(ExtensibilityGlobals) = postSolution
		SolutionGuid = {109A0370-AD4C-4014-A438-ACA9C2AD0E74}
	EndGlobalSection
EndGlobal
